
Microsoft Visual Studio Solution File, Format Version 12.00
Project("{FAE04EC0-301F-11D3-BF4B-00C04F79EFBC}") = "Personal-site-client-side", "Personal-site-client-side\Personal-site-client-side.csproj", "{58726822-7FE9-4421-9D4C-F1B68EEFED5B}"
EndProject
Project("{FAE04EC0-301F-11D3-BF4B-00C04F79EFBC}") = "Personal-site-tests", "Personal-site-tests\Personal-site-tests.csproj", "{D30D19EB-7457-4432-AEBE-416B72608873}"
EndProject
Global
	GlobalSection(SolutionConfigurationPlatforms) = preSolution
		Debug|Any CPU = Debug|Any CPU
		Release|Any CPU = Release|Any CPU
	EndGlobalSection
	GlobalSection(ProjectConfigurationPlatforms) = postSolution
		{58726822-7FE9-4421-9D4C-F1B68EEFED5B}.Debug|Any CPU.ActiveCfg = Debug|Any CPU
		{58726822-7FE9-4421-9D4C-F1B68EEFED5B}.Debug|Any CPU.Build.0 = Debug|Any CPU
		{58726822-7FE9-4421-9D4C-F1B68EEFED5B}.Release|Any CPU.ActiveCfg = Release|Any CPU
		{58726822-7FE9-4421-9D4C-F1B68EEFED5B}.Release|Any CPU.Build.0 = Release|Any CPU
		{D30D19EB-7457-4432-AEBE-416B72608873}.Debug|Any CPU.ActiveCfg = Debug|Any CPU
		{D30D19EB-7457-4432-AEBE-416B72608873}.Debug|Any CPU.Build.0 = Debug|Any CPU
		{D30D19EB-7457-4432-AEBE-416B72608873}.Release|Any CPU.ActiveCfg = Release|Any CPU
		{D30D19EB-7457-4432-AEBE-416B72608873}.Release|Any CPU.Build.0 = Release|Any CPU
	EndGlobalSection
EndGlobal
